// !$*UTF8*$!
{
	archiveVersion = 1;
	classes = {
	};
	objectVersion = 50;
	objects = {

/* Begin PBXBuildFile section */
		4428C5D420B1306B00F9D3D2 /* PriceCheckViewController.swift in Sources */ = {isa = PBXBuildFile; fileRef = 4428C5D320B1306B00F9D3D2 /* PriceCheckViewController.swift */; };
		442A2B5720B3AB8400530935 /* PriceDetailViewController.swift in Sources */ = {isa = PBXBuildFile; fileRef = 442A2B5620B3AB8400530935 /* PriceDetailViewController.swift */; };
		443C7E2D20B03298006B7043 /* CaptureBarCodeViewController.swift in Sources */ = {isa = PBXBuildFile; fileRef = 443C7E2C20B03298006B7043 /* CaptureBarCodeViewController.swift */; };
		446C5C5E20B267A800DA3DF9 /* PriceInfoCell.xib in Resources */ = {isa = PBXBuildFile; fileRef = 446C5C5D20B267A800DA3DF9 /* PriceInfoCell.xib */; };
		446C5C6020B26BC500DA3DF9 /* PriceInfoCell.swift in Sources */ = {isa = PBXBuildFile; fileRef = 446C5C5F20B26BC500DA3DF9 /* PriceInfoCell.swift */; };
		446C5C6220B26D9800DA3DF9 /* ItemPriceInfoModel.swift in Sources */ = {isa = PBXBuildFile; fileRef = 446C5C6120B26D9800DA3DF9 /* ItemPriceInfoModel.swift */; };
		4492463D20AE8B99000B0F1E /* WeatherDataModel.swift in Sources */ = {isa = PBXBuildFile; fileRef = 4492463C20AE8B99000B0F1E /* WeatherDataModel.swift */; };
		4492464520AEC8D8000B0F1E /* WeatherDisplayCollectionViewCell.swift in Sources */ = {isa = PBXBuildFile; fileRef = 4492464420AEC8D8000B0F1E /* WeatherDisplayCollectionViewCell.swift */; };
		4492833E20AE63FE00A3C001 /* AppDelegate.swift in Sources */ = {isa = PBXBuildFile; fileRef = 4492833D20AE63FE00A3C001 /* AppDelegate.swift */; };
		4492834020AE63FE00A3C001 /* MainFirstViewController.swift in Sources */ = {isa = PBXBuildFile; fileRef = 4492833F20AE63FE00A3C001 /* MainFirstViewController.swift */; };
		4492834320AE63FE00A3C001 /* Main.storyboard in Resources */ = {isa = PBXBuildFile; fileRef = 4492834120AE63FE00A3C001 /* Main.storyboard */; };
		4492834620AE63FE00A3C001 /* MyToolBox.xcdatamodeld in Sources */ = {isa = PBXBuildFile; fileRef = 4492834420AE63FE00A3C001 /* MyToolBox.xcdatamodeld */; };
		4492834820AE63FF00A3C001 /* Assets.xcassets in Resources */ = {isa = PBXBuildFile; fileRef = 4492834720AE63FF00A3C001 /* Assets.xcassets */; };
		4492834B20AE63FF00A3C001 /* LaunchScreen.storyboard in Resources */ = {isa = PBXBuildFile; fileRef = 4492834920AE63FF00A3C001 /* LaunchScreen.storyboard */; };
		4492835720AE66CD00A3C001 /* WeatherViewController.swift in Sources */ = {isa = PBXBuildFile; fileRef = 4492835620AE66CD00A3C001 /* WeatherViewController.swift */; };
		44A2D65820BF286500F6A75E /* GoogleService-Info.plist in Resources */ = {isa = PBXBuildFile; fileRef = 44A2D65720BF286500F6A75E /* GoogleService-Info.plist */; };
		FEE0AEC9999C1B7A355DA65F /* Pods_MyToolBox.framework in Frameworks */ = {isa = PBXBuildFile; fileRef = A35203A97EC54C6454DD3D33 /* Pods_MyToolBox.framework */; };
/* End PBXBuildFile section */

/* Begin PBXFileReference section */
		4428C5D320B1306B00F9D3D2 /* PriceCheckViewController.swift */ = {isa = PBXFileReference; lastKnownFileType = sourcecode.swift; path = PriceCheckViewController.swift; sourceTree = "<group>"; };
		442A2B5620B3AB8400530935 /* PriceDetailViewController.swift */ = {isa = PBXFileReference; lastKnownFileType = sourcecode.swift; path = PriceDetailViewController.swift; sourceTree = "<group>"; };
		443C7E2C20B03298006B7043 /* CaptureBarCodeViewController.swift */ = {isa = PBXFileReference; lastKnownFileType = sourcecode.swift; path = CaptureBarCodeViewController.swift; sourceTree = "<group>"; };
		446C5C5D20B267A800DA3DF9 /* PriceInfoCell.xib */ = {isa = PBXFileReference; lastKnownFileType = file.xib; path = PriceInfoCell.xib; sourceTree = "<group>"; };
		446C5C5F20B26BC500DA3DF9 /* PriceInfoCell.swift */ = {isa = PBXFileReference; lastKnownFileType = sourcecode.swift; path = PriceInfoCell.swift; sourceTree = "<group>"; };
		446C5C6120B26D9800DA3DF9 /* ItemPriceInfoModel.swift */ = {isa = PBXFileReference; lastKnownFileType = sourcecode.swift; path = ItemPriceInfoModel.swift; sourceTree = "<group>"; };
		4492463C20AE8B99000B0F1E /* WeatherDataModel.swift */ = {isa = PBXFileReference; lastKnownFileType = sourcecode.swift; path = WeatherDataModel.swift; sourceTree = "<group>"; };
		4492464420AEC8D8000B0F1E /* WeatherDisplayCollectionViewCell.swift */ = {isa = PBXFileReference; lastKnownFileType = sourcecode.swift; path = WeatherDisplayCollectionViewCell.swift; sourceTree = "<group>"; };
		4492833A20AE63FE00A3C001 /* MyToolBox.app */ = {isa = PBXFileReference; explicitFileType = wrapper.application; includeInIndex = 0; path = MyToolBox.app; sourceTree = BUILT_PRODUCTS_DIR; };
		4492833D20AE63FE00A3C001 /* AppDelegate.swift */ = {isa = PBXFileReference; lastKnownFileType = sourcecode.swift; path = AppDelegate.swift; sourceTree = "<group>"; };
		4492833F20AE63FE00A3C001 /* MainFirstViewController.swift */ = {isa = PBXFileReference; lastKnownFileType = sourcecode.swift; path = MainFirstViewController.swift; sourceTree = "<group>"; };
		4492834220AE63FE00A3C001 /* Base */ = {isa = PBXFileReference; lastKnownFileType = file.storyboard; name = Base; path = Base.lproj/Main.storyboard; sourceTree = "<group>"; };
		4492834520AE63FE00A3C001 /* MyToolBox.xcdatamodel */ = {isa = PBXFileReference; lastKnownFileType = wrapper.xcdatamodel; path = MyToolBox.xcdatamodel; sourceTree = "<group>"; };
		4492834720AE63FF00A3C001 /* Assets.xcassets */ = {isa = PBXFileReference; lastKnownFileType = folder.assetcatalog; path = Assets.xcassets; sourceTree = "<group>"; };
		4492834A20AE63FF00A3C001 /* Base */ = {isa = PBXFileReference; lastKnownFileType = file.storyboard; name = Base; path = Base.lproj/LaunchScreen.storyboard; sourceTree = "<group>"; };
		4492834C20AE63FF00A3C001 /* Info.plist */ = {isa = PBXFileReference; lastKnownFileType = text.plist.xml; path = Info.plist; sourceTree = "<group>"; };
		4492835620AE66CD00A3C001 /* WeatherViewController.swift */ = {isa = PBXFileReference; lastKnownFileType = sourcecode.swift; path = WeatherViewController.swift; sourceTree = "<group>"; };
		44A2D65720BF286500F6A75E /* GoogleService-Info.plist */ = {isa = PBXFileReference; fileEncoding = 4; lastKnownFileType = text.plist.xml; path = "GoogleService-Info.plist"; sourceTree = "<group>"; };
		7273005F6C8AF787FF5D354A /* Pods-MyToolBox.release.xcconfig */ = {isa = PBXFileReference; includeInIndex = 1; lastKnownFileType = text.xcconfig; name = "Pods-MyToolBox.release.xcconfig"; path = "Pods/Target Support Files/Pods-MyToolBox/Pods-MyToolBox.release.xcconfig"; sourceTree = "<group>"; };
		9885125F3A379FB41FB65F9F /* Pods-MyToolBox.debug.xcconfig */ = {isa = PBXFileReference; includeInIndex = 1; lastKnownFileType = text.xcconfig; name = "Pods-MyToolBox.debug.xcconfig"; path = "Pods/Target Support Files/Pods-MyToolBox/Pods-MyToolBox.debug.xcconfig"; sourceTree = "<group>"; };
		A35203A97EC54C6454DD3D33 /* Pods_MyToolBox.framework */ = {isa = PBXFileReference; explicitFileType = wrapper.framework; includeInIndex = 0; path = Pods_MyToolBox.framework; sourceTree = BUILT_PRODUCTS_DIR; };
/* End PBXFileReference section */

/* Begin PBXFrameworksBuildPhase section */
		4492833720AE63FE00A3C001 /* Frameworks */ = {
			isa = PBXFrameworksBuildPhase;
			buildActionMask = 2147483647;
			files = (
				FEE0AEC9999C1B7A355DA65F /* Pods_MyToolBox.framework in Frameworks */,
			);
			runOnlyForDeploymentPostprocessing = 0;
		};
/* End PBXFrameworksBuildPhase section */

/* Begin PBXGroup section */
		443C7E0B20B003D1006B7043 /* WeatherPageControlers */ = {
			isa = PBXGroup;
			children = (
				4492835620AE66CD00A3C001 /* WeatherViewController.swift */,
				4492464420AEC8D8000B0F1E /* WeatherDisplayCollectionViewCell.swift */,
			);
			path = WeatherPageControlers;
			sourceTree = "<group>";
		};
		4492833120AE63FE00A3C001 = {
			isa = PBXGroup;
			children = (
				4492833C20AE63FE00A3C001 /* MyToolBox */,
				4492833B20AE63FE00A3C001 /* Products */,
				FBB637C9908C54AFDB2DF7E3 /* Pods */,
				B859756009C31260DB636184 /* Frameworks */,
			);
			sourceTree = "<group>";
		};
		4492833B20AE63FE00A3C001 /* Products */ = {
			isa = PBXGroup;
			children = (
				4492833A20AE63FE00A3C001 /* MyToolBox.app */,
			);
			name = Products;
			sourceTree = "<group>";
		};
		4492833C20AE63FE00A3C001 /* MyToolBox */ = {
			isa = PBXGroup;
			children = (
				4492835420AE645F00A3C001 /* Models */,
				4492835220AE645000A3C001 /* Controllers */,
				4492835320AE645900A3C001 /* Views */,
				4492835520AE646A00A3C001 /* Supporting Files */,
				4492834C20AE63FF00A3C001 /* Info.plist */,
				44A2D65720BF286500F6A75E /* GoogleService-Info.plist */,
			);
			path = MyToolBox;
			sourceTree = "<group>";
		};
		4492835220AE645000A3C001 /* Controllers */ = {
			isa = PBXGroup;
			children = (
				4492833D20AE63FE00A3C001 /* AppDelegate.swift */,
				4492833F20AE63FE00A3C001 /* MainFirstViewController.swift */,
				443C7E0B20B003D1006B7043 /* WeatherPageControlers */,
				4428C5D320B1306B00F9D3D2 /* PriceCheckViewController.swift */,
				443C7E2C20B03298006B7043 /* CaptureBarCodeViewController.swift */,
				446C5C5F20B26BC500DA3DF9 /* PriceInfoCell.swift */,
				446C5C5D20B267A800DA3DF9 /* PriceInfoCell.xib */,
				442A2B5620B3AB8400530935 /* PriceDetailViewController.swift */,
			);
			path = Controllers;
			sourceTree = "<group>";
		};
		4492835320AE645900A3C001 /* Views */ = {
			isa = PBXGroup;
			children = (
				4492834120AE63FE00A3C001 /* Main.storyboard */,
				4492834920AE63FF00A3C001 /* LaunchScreen.storyboard */,
			);
			path = Views;
			sourceTree = "<group>";
		};
		4492835420AE645F00A3C001 /* Models */ = {
			isa = PBXGroup;
			children = (
				4492834420AE63FE00A3C001 /* MyToolBox.xcdatamodeld */,
				4492463C20AE8B99000B0F1E /* WeatherDataModel.swift */,
				446C5C6120B26D9800DA3DF9 /* ItemPriceInfoModel.swift */,
			);
			path = Models;
			sourceTree = "<group>";
		};
		4492835520AE646A00A3C001 /* Supporting Files */ = {
			isa = PBXGroup;
			children = (
				4492834720AE63FF00A3C001 /* Assets.xcassets */,
			);
			path = "Supporting Files";
			sourceTree = "<group>";
		};
		B859756009C31260DB636184 /* Frameworks */ = {
			isa = PBXGroup;
			children = (
				A35203A97EC54C6454DD3D33 /* Pods_MyToolBox.framework */,
			);
			name = Frameworks;
			sourceTree = "<group>";
		};
		FBB637C9908C54AFDB2DF7E3 /* Pods */ = {
			isa = PBXGroup;
			children = (
				9885125F3A379FB41FB65F9F /* Pods-MyToolBox.debug.xcconfig */,
				7273005F6C8AF787FF5D354A /* Pods-MyToolBox.release.xcconfig */,
			);
			name = Pods;
			sourceTree = "<group>";
		};
/* End PBXGroup section */

/* Begin PBXNativeTarget section */
		4492833920AE63FE00A3C001 /* MyToolBox */ = {
			isa = PBXNativeTarget;
			buildConfigurationList = 4492834F20AE63FF00A3C001 /* Build configuration list for PBXNativeTarget "MyToolBox" */;
			buildPhases = (
				D3DE124E0FA38D0AAE99E824 /* [CP] Check Pods Manifest.lock */,
				4492833620AE63FE00A3C001 /* Sources */,
				4492833720AE63FE00A3C001 /* Frameworks */,
				4492833820AE63FE00A3C001 /* Resources */,
				FABB8FF2FE1A98610608B94C /* [CP] Embed Pods Frameworks */,
			);
			buildRules = (
			);
			dependencies = (
			);
			name = MyToolBox;
			productName = MyToolBox;
			productReference = 4492833A20AE63FE00A3C001 /* MyToolBox.app */;
			productType = "com.apple.product-type.application";
		};
/* End PBXNativeTarget section */

/* Begin PBXProject section */
		4492833220AE63FE00A3C001 /* Project object */ = {
			isa = PBXProject;
			attributes = {
				LastSwiftUpdateCheck = 0930;
				LastUpgradeCheck = 0930;
				ORGANIZATIONNAME = "Yilang Wei";
				TargetAttributes = {
					4492833920AE63FE00A3C001 = {
						CreatedOnToolsVersion = 9.3;
					};
				};
			};
			buildConfigurationList = 4492833520AE63FE00A3C001 /* Build configuration list for PBXProject "MyToolBox" */;
			compatibilityVersion = "Xcode 9.3";
			developmentRegion = en;
			hasScannedForEncodings = 0;
			knownRegions = (
				en,
				Base,
			);
			mainGroup = 4492833120AE63FE00A3C001;
			productRefGroup = 4492833B20AE63FE00A3C001 /* Products */;
			projectDirPath = "";
			projectRoot = "";
			targets = (
				4492833920AE63FE00A3C001 /* MyToolBox */,
			);
		};
/* End PBXProject section */

/* Begin PBXResourcesBuildPhase section */
		4492833820AE63FE00A3C001 /* Resources */ = {
			isa = PBXResourcesBuildPhase;
			buildActionMask = 2147483647;
			files = (
				4492834B20AE63FF00A3C001 /* LaunchScreen.storyboard in Resources */,
				446C5C5E20B267A800DA3DF9 /* PriceInfoCell.xib in Resources */,
				4492834820AE63FF00A3C001 /* Assets.xcassets in Resources */,
				4492834320AE63FE00A3C001 /* Main.storyboard in Resources */,
				44A2D65820BF286500F6A75E /* GoogleService-Info.plist in Resources */,
			);
			runOnlyForDeploymentPostprocessing = 0;
		};
/* End PBXResourcesBuildPhase section */

/* Begin PBXShellScriptBuildPhase section */
		D3DE124E0FA38D0AAE99E824 /* [CP] Check Pods Manifest.lock */ = {
			isa = PBXShellScriptBuildPhase;
			buildActionMask = 2147483647;
			files = (
			);
			inputPaths = (
				"${PODS_PODFILE_DIR_PATH}/Podfile.lock",
				"${PODS_ROOT}/Manifest.lock",
			);
			name = "[CP] Check Pods Manifest.lock";
			outputPaths = (
				"$(DERIVED_FILE_DIR)/Pods-MyToolBox-checkManifestLockResult.txt",
			);
			runOnlyForDeploymentPostprocessing = 0;
			shellPath = /bin/sh;
			shellScript = "diff \"${PODS_PODFILE_DIR_PATH}/Podfile.lock\" \"${PODS_ROOT}/Manifest.lock\" > /dev/null\nif [ $? != 0 ] ; then\n    # print error to STDERR\n    echo \"error: The sandbox is not in sync with the Podfile.lock. Run 'pod install' or update your CocoaPods installation.\" >&2\n    exit 1\nfi\n# This output is used by Xcode 'outputs' to avoid re-running this script phase.\necho \"SUCCESS\" > \"${SCRIPT_OUTPUT_FILE_0}\"\n";
			showEnvVarsInLog = 0;
		};
		FABB8FF2FE1A98610608B94C /* [CP] Embed Pods Frameworks */ = {
			isa = PBXShellScriptBuildPhase;
			buildActionMask = 2147483647;
			files = (
			);
			inputPaths = (
				"${SRCROOT}/Pods/Target Support Files/Pods-MyToolBox/Pods-MyToolBox-frameworks.sh",
				"${BUILT_PRODUCTS_DIR}/Alamofire/Alamofire.framework",
				"${BUILT_PRODUCTS_DIR}/GTMSessionFetcher/GTMSessionFetcher.framework",
				"${BUILT_PRODUCTS_DIR}/GoogleToolboxForMac/GoogleToolboxForMac.framework",
				"${BUILT_PRODUCTS_DIR}/SwiftyJSON/SwiftyJSON.framework",
				"${BUILT_PRODUCTS_DIR}/leveldb-library/leveldb.framework",
				"${BUILT_PRODUCTS_DIR}/nanopb/nanopb.framework",
			);
			name = "[CP] Embed Pods Frameworks";
			outputPaths = (
				"${TARGET_BUILD_DIR}/${FRAMEWORKS_FOLDER_PATH}/Alamofire.framework",
				"${TARGET_BUILD_DIR}/${FRAMEWORKS_FOLDER_PATH}/GTMSessionFetcher.framework",
				"${TARGET_BUILD_DIR}/${FRAMEWORKS_FOLDER_PATH}/GoogleToolboxForMac.framework",
				"${TARGET_BUILD_DIR}/${FRAMEWORKS_FOLDER_PATH}/SwiftyJSON.framework",
				"${TARGET_BUILD_DIR}/${FRAMEWORKS_FOLDER_PATH}/leveldb.framework",
				"${TARGET_BUILD_DIR}/${FRAMEWORKS_FOLDER_PATH}/nanopb.framework",
			);
			runOnlyForDeploymentPostprocessing = 0;
			shellPath = /bin/sh;
			shellScript = "\"${SRCROOT}/Pods/Target Support Files/Pods-MyToolBox/Pods-MyToolBox-frameworks.sh\"\n";
			showEnvVarsInLog = 0;
		};
/* End PBXShellScriptBuildPhase section */

/* Begin PBXSourcesBuildPhase section */
		4492833620AE63FE00A3C001 /* Sources */ = {
			isa = PBXSourcesBuildPhase;
			buildActionMask = 2147483647;
			files = (
				443C7E2D20B03298006B7043 /* CaptureBarCodeViewController.swift in Sources */,
				442A2B5720B3AB8400530935 /* PriceDetailViewController.swift in Sources */,
				4428C5D420B1306B00F9D3D2 /* PriceCheckViewController.swift in Sources */,
				4492834620AE63FE00A3C001 /* MyToolBox.xcdatamodeld in Sources */,
				446C5C6020B26BC500DA3DF9 /* PriceInfoCell.swift in Sources */,
				446C5C6220B26D9800DA3DF9 /* ItemPriceInfoModel.swift in Sources */,
				4492463D20AE8B99000B0F1E /* WeatherDataModel.swift in Sources */,
				4492464520AEC8D8000B0F1E /* WeatherDisplayCollectionViewCell.swift in Sources */,
				4492835720AE66CD00A3C001 /* WeatherViewController.swift in Sources */,
				4492834020AE63FE00A3C001 /* MainFirstViewController.swift in Sources */,
				4492833E20AE63FE00A3C001 /* AppDelegate.swift in Sources */,
			);
			runOnlyForDeploymentPostprocessing = 0;
		};
/* End PBXSourcesBuildPhase section */

/* Begin PBXVariantGroup section */
		4492834120AE63FE00A3C001 /* Main.storyboard */ = {
			isa = PBXVariantGroup;
			children = (
				4492834220AE63FE00A3C001 /* Base */,
			);
			name = Main.storyboard;
			sourceTree = "<group>";
		};
		4492834920AE63FF00A3C001 /* LaunchScreen.storyboard */ = {
			isa = PBXVariantGroup;
			children = (
				4492834A20AE63FF00A3C001 /* Base */,
			);
			name = LaunchScreen.storyboard;
			sourceTree = "<group>";
		};
/* End PBXVariantGroup section */

/* Begin XCBuildConfiguration section */
		4492834D20AE63FF00A3C001 /* Debug */ = {
			isa = XCBuildConfiguration;
			buildSettings = {
				ALWAYS_SEARCH_USER_PATHS = NO;
				CLANG_ANALYZER_NONNULL = YES;
				CLANG_ANALYZER_NUMBER_OBJECT_CONVERSION = YES_AGGRESSIVE;
				CLANG_CXX_LANGUAGE_STANDARD = "gnu++14";
				CLANG_CXX_LIBRARY = "libc++";
				CLANG_ENABLE_MODULES = YES;
				CLANG_ENABLE_OBJC_ARC = YES;
				CLANG_ENABLE_OBJC_WEAK = YES;
				CLANG_WARN_BLOCK_CAPTURE_AUTORELEASING = YES;
				CLANG_WARN_BOOL_CONVERSION = YES;
				CLANG_WARN_COMMA = YES;
				CLANG_WARN_CONSTANT_CONVERSION = YES;
				CLANG_WARN_DEPRECATED_OBJC_IMPLEMENTATIONS = YES;
				CLANG_WARN_DIRECT_OBJC_ISA_USAGE = YES_ERROR;
				CLANG_WARN_DOCUMENTATION_COMMENTS = YES;
				CLANG_WARN_EMPTY_BODY = YES;
				CLANG_WARN_ENUM_CONVERSION = YES;
				CLANG_WARN_INFINITE_RECURSION = YES;
				CLANG_WARN_INT_CONVERSION = YES;
				CLANG_WARN_NON_LITERAL_NULL_CONVERSION = YES;
				CLANG_WARN_OBJC_IMPLICIT_RETAIN_SELF = YES;
				CLANG_WARN_OBJC_LITERAL_CONVERSION = YES;
				CLANG_WARN_OBJC_ROOT_CLASS = YES_ERROR;
				CLANG_WARN_RANGE_LOOP_ANALYSIS = YES;
				CLANG_WARN_STRICT_PROTOTYPES = YES;
				CLANG_WARN_SUSPICIOUS_MOVE = YES;
				CLANG_WARN_UNGUARDED_AVAILABILITY = YES_AGGRESSIVE;
				CLANG_WARN_UNREACHABLE_CODE = YES;
				CLANG_WARN__DUPLICATE_METHOD_MATCH = YES;
				CODE_SIGN_IDENTITY = "iPhone Developer";
				COPY_PHASE_STRIP = NO;
				DEBUG_INFORMATION_FORMAT = dwarf;
				ENABLE_STRICT_OBJC_MSGSEND = YES;
				ENABLE_TESTABILITY = YES;
				GCC_C_LANGUAGE_STANDARD = gnu11;
				GCC_DYNAMIC_NO_PIC = NO;
				GCC_NO_COMMON_BLOCKS = YES;
				GCC_OPTIMIZATION_LEVEL = 0;
				GCC_PREPROCESSOR_DEFINITIONS = (
					"DEBUG=1",
					"$(inherited)",
				);
				GCC_WARN_64_TO_32_BIT_CONVERSION = YES;
				GCC_WARN_ABOUT_RETURN_TYPE = YES_ERROR;
				GCC_WARN_UNDECLARED_SELECTOR = YES;
				GCC_WARN_UNINITIALIZED_AUTOS = YES_AGGRESSIVE;
				GCC_WARN_UNUSED_FUNCTION = YES;
				GCC_WARN_UNUSED_VARIABLE = YES;
				IPHONEOS_DEPLOYMENT_TARGET = 11.3;
				MTL_ENABLE_DEBUG_INFO = YES;
				ONLY_ACTIVE_ARCH = YES;
				SDKROOT = iphoneos;
				SWIFT_ACTIVE_COMPILATION_CONDITIONS = DEBUG;
				SWIFT_OPTIMIZATION_LEVEL = "-Onone";
			};
			name = Debug;
		};
		4492834E20AE63FF00A3C001 /* Release */ = {
			isa = XCBuildConfiguration;
			buildSettings = {
				ALWAYS_SEARCH_USER_PATHS = NO;
				CLANG_ANALYZER_NONNULL = YES;
				CLANG_ANALYZER_NUMBER_OBJECT_CONVERSION = YES_AGGRESSIVE;
				CLANG_CXX_LANGUAGE_STANDARD = "gnu++14";
				CLANG_CXX_LIBRARY = "libc++";
				CLANG_ENABLE_MODULES = YES;
				CLANG_ENABLE_OBJC_ARC = YES;
				CLANG_ENABLE_OBJC_WEAK = YES;
				CLANG_WARN_BLOCK_CAPTURE_AUTORELEASING = YES;
				CLANG_WARN_BOOL_CONVERSION = YES;
				CLANG_WARN_COMMA = YES;
				CLANG_WARN_CONSTANT_CONVERSION = YES;
				CLANG_WARN_DEPRECATED_OBJC_IMPLEMENTATIONS = YES;
				CLANG_WARN_DIRECT_OBJC_ISA_USAGE = YES_ERROR;
				CLANG_WARN_DOCUMENTATION_COMMENTS = YES;
				CLANG_WARN_EMPTY_BODY = YES;
				CLANG_WARN_ENUM_CONVERSION = YES;
				CLANG_WARN_INFINITE_RECURSION = YES;
				CLANG_WARN_INT_CONVERSION = YES;
				CLANG_WARN_NON_LITERAL_NULL_CONVERSION = YES;
				CLANG_WARN_OBJC_IMPLICIT_RETAIN_SELF = YES;
				CLANG_WARN_OBJC_LITERAL_CONVERSION = YES;
				CLANG_WARN_OBJC_ROOT_CLASS = YES_ERROR;
				CLANG_WARN_RANGE_LOOP_ANALYSIS = YES;
				CLANG_WARN_STRICT_PROTOTYPES = YES;
				CLANG_WARN_SUSPICIOUS_MOVE = YES;
				CLANG_WARN_UNGUARDED_AVAILABILITY = YES_AGGRESSIVE;
				CLANG_WARN_UNREACHABLE_CODE = YES;
				CLANG_WARN__DUPLICATE_METHOD_MATCH = YES;
				CODE_SIGN_IDENTITY = "iPhone Developer";
				COPY_PHASE_STRIP = NO;
				DEBUG_INFORMATION_FORMAT = "dwarf-with-dsym";
				ENABLE_NS_ASSERTIONS = NO;
				ENABLE_STRICT_OBJC_MSGSEND = YES;
				GCC_C_LANGUAGE_STANDARD = gnu11;
				GCC_NO_COMMON_BLOCKS = YES;
				GCC_WARN_64_TO_32_BIT_CONVERSION = YES;
				GCC_WARN_ABOUT_RETURN_TYPE = YES_ERROR;
				GCC_WARN_UNDECLARED_SELECTOR = YES;
				GCC_WARN_UNINITIALIZED_AUTOS = YES_AGGRESSIVE;
				GCC_WARN_UNUSED_FUNCTION = YES;
				GCC_WARN_UNUSED_VARIABLE = YES;
				IPHONEOS_DEPLOYMENT_TARGET = 11.3;
				MTL_ENABLE_DEBUG_INFO = NO;
				SDKROOT = iphoneos;
				SWIFT_COMPILATION_MODE = wholemodule;
				SWIFT_OPTIMIZATION_LEVEL = "-O";
				VALIDATE_PRODUCT = YES;
			};
			name = Release;
		};
		4492835020AE63FF00A3C001 /* Debug */ = {
			isa = XCBuildConfiguration;
			baseConfigurationReference = 9885125F3A379FB41FB65F9F /* Pods-MyToolBox.debug.xcconfig */;
			buildSettings = {
				ASSETCATALOG_COMPILER_APPICON_NAME = AppIcon;
				CODE_SIGN_STYLE = Automatic;
				DEVELOPMENT_TEAM = J8TWD8333J;
				INFOPLIST_FILE = MyToolBox/Info.plist;
				LD_RUNPATH_SEARCH_PATHS = (
					"$(inherited)",
					"@executable_path/Frameworks",
				);
				PRODUCT_BUNDLE_IDENTIFIER = com.yilangwei.under.MyToolBox;
				PRODUCT_NAME = "$(TARGET_NAME)";
				SWIFT_VERSION = 4.0;
				TARGETED_DEVICE_FAMILY = "1,2";
			};
			name = Debug;
		};
		4492835120AE63FF00A3C001 /* Release */ = {
			isa = XCBuildConfiguration;
			baseConfigurationReference = 7273005F6C8AF787FF5D354A /* Pods-MyToolBox.release.xcconfig */;
			buildSettings = {
				ASSETCATALOG_COMPILER_APPICON_NAME = AppIcon;
				CODE_SIGN_STYLE = Automatic;
				DEVELOPMENT_TEAM = J8TWD8333J;
				INFOPLIST_FILE = MyToolBox/Info.plist;
				LD_RUNPATH_SEARCH_PATHS = (
					"$(inherited)",
					"@executable_path/Frameworks",
				);
				PRODUCT_BUNDLE_IDENTIFIER = com.yilangwei.under.MyToolBox;
				PRODUCT_NAME = "$(TARGET_NAME)";
				SWIFT_VERSION = 4.0;
				TARGETED_DEVICE_FAMILY = "1,2";
			};
			name = Release;
		};
/* End XCBuildConfiguration section */

/* Begin XCConfigurationList section */
		4492833520AE63FE00A3C001 /* Build configuration list for PBXProject "MyToolBox" */ = {
			isa = XCConfigurationList;
			buildConfigurations = (
				4492834D20AE63FF00A3C001 /* Debug */,
				4492834E20AE63FF00A3C001 /* Release */,
			);
			defaultConfigurationIsVisible = 0;
			defaultConfigurationName = Release;
		};
		4492834F20AE63FF00A3C001 /* Build configuration list for PBXNativeTarget "MyToolBox" */ = {
			isa = XCConfigurationList;
			buildConfigurations = (
				4492835020AE63FF00A3C001 /* Debug */,
				4492835120AE63FF00A3C001 /* Release */,
			);
			defaultConfigurationIsVisible = 0;
			defaultConfigurationName = Release;
		};
/* End XCConfigurationList section */

/* Begin XCVersionGroup section */
		4492834420AE63FE00A3C001 /* MyToolBox.xcdatamodeld */ = {
			isa = XCVersionGroup;
			children = (
				4492834520AE63FE00A3C001 /* MyToolBox.xcdatamodel */,
			);
			currentVersion = 4492834520AE63FE00A3C001 /* MyToolBox.xcdatamodel */;
			path = MyToolBox.xcdatamodeld;
			sourceTree = "<group>";
			versionGroupType = wrapper.xcdatamodel;
		};
/* End XCVersionGroup section */
	};
	rootObject = 4492833220AE63FE00A3C001 /* Project object */;
}
